
Microsoft Visual Studio Solution File, Format Version 12.00
# Visual Studio Version 16
VisualStudioVersion = 16.0.30002.166
MinimumVisualStudioVersion = 10.0.40219.1
Project("{FAE04EC0-301F-11D3-BF4B-00C04F79EFBC}") = "WeatherApp.UWP", "WeatherApp\WeatherApp.UWP\WeatherApp.UWP.csproj", "{A5E54FFF-B7EE-4A07-8DD3-6EC4A6CA0E90}"
EndProject
Project("{FAE04EC0-301F-11D3-BF4B-00C04F79EFBC}") = "WeatherApp.Android", "WeatherApp\WeatherApp.Android\WeatherApp.Android.csproj", "{336B2287-6E52-4EF0-B64C-B821B8A369FD}"
EndProject
Project("{FAE04EC0-301F-11D3-BF4B-00C04F79EFBC}") = "WeatherApp.iOS", "WeatherApp\WeatherApp.iOS\WeatherApp.iOS.csproj", "{C772D132-6ADD-4C49-B7BA-B031A79533BC}"
EndProject
Project("{FAE04EC0-301F-11D3-BF4B-00C04F79EFBC}") = "WeatherApp", "WeatherApp\WeatherApp\WeatherApp.csproj", "{94E8CC77-D7F1-4BED-8518-20C87A565BEB}"
EndProject
Global
	GlobalSection(SolutionConfigurationPlatforms) = preSolution
		Debug|Any CPU = Debug|Any CPU
		Debug|ARM = Debug|ARM
		Debug|iPhone = Debug|iPhone
		Debug|iPhoneSimulator = Debug|iPhoneSimulator
		Debug|x64 = Debug|x64
		Debug|x86 = Debug|x86
		Release|Any CPU = Release|Any CPU
		Release|ARM = Release|ARM
		Release|iPhone = Release|iPhone
		Release|iPhoneSimulator = Release|iPhoneSimulator
		Release|x64 = Release|x64
		Release|x86 = Release|x86
	EndGlobalSection
	GlobalSection(ProjectConfigurationPlatforms) = postSolution
		{A5E54FFF-B7EE-4A07-8DD3-6EC4A6CA0E90}.Debug|Any CPU.ActiveCfg = Debug|x86
		{A5E54FFF-B7EE-4A07-8DD3-6EC4A6CA0E90}.Debug|Any CPU.Build.0 = Debug|x86
		{A5E54FFF-B7EE-4A07-8DD3-6EC4A6CA0E90}.Debug|Any CPU.Deploy.0 = Debug|x86
		{A5E54FFF-B7EE-4A07-8DD3-6EC4A6CA0E90}.Debug|ARM.ActiveCfg = Debug|ARM
		{A5E54FFF-B7EE-4A07-8DD3-6EC4A6CA0E90}.Debug|ARM.Build.0 = Debug|ARM
		{A5E54FFF-B7EE-4A07-8DD3-6EC4A6CA0E90}.Debug|ARM.Deploy.0 = Debug|ARM
		{A5E54FFF-B7EE-4A07-8DD3-6EC4A6CA0E90}.Debug|iPhone.ActiveCfg = Debug|x86
		{A5E54FFF-B7EE-4A07-8DD3-6EC4A6CA0E90}.Debug|iPhone.Build.0 = Debug|x86
		{A5E54FFF-B7EE-4A07-8DD3-6EC4A6CA0E90}.Debug|iPhone.Deploy.0 = Debug|x86
		{A5E54FFF-B7EE-4A07-8DD3-6EC4A6CA0E90}.Debug|iPhoneSimulator.ActiveCfg = Debug|x86
		{A5E54FFF-B7EE-4A07-8DD3-6EC4A6CA0E90}.Debug|iPhoneSimulator.Build.0 = Debug|x86
		{A5E54FFF-B7EE-4A07-8DD3-6EC4A6CA0E90}.Debug|iPhoneSimulator.Deploy.0 = Debug|x86
		{A5E54FFF-B7EE-4A07-8DD3-6EC4A6CA0E90}.Debug|x64.ActiveCfg = Debug|x64
		{A5E54FFF-B7EE-4A07-8DD3-6EC4A6CA0E90}.Debug|x64.Build.0 = Debug|x64
		{A5E54FFF-B7EE-4A07-8DD3-6EC4A6CA0E90}.Debug|x64.Deploy.0 = Debug|x64
		{A5E54FFF-B7EE-4A07-8DD3-6EC4A6CA0E90}.Debug|x86.ActiveCfg = Debug|x86
		{A5E54FFF-B7EE-4A07-8DD3-6EC4A6CA0E90}.Debug|x86.Build.0 = Debug|x86
		{A5E54FFF-B7EE-4A07-8DD3-6EC4A6CA0E90}.Debug|x86.Deploy.0 = Debug|x86
		{A5E54FFF-B7EE-4A07-8DD3-6EC4A6CA0E90}.Release|Any CPU.ActiveCfg = Release|x86
		{A5E54FFF-B7EE-4A07-8DD3-6EC4A6CA0E90}.Release|Any CPU.Build.0 = Release|x86
		{A5E54FFF-B7EE-4A07-8DD3-6EC4A6CA0E90}.Release|Any CPU.Deploy.0 = Release|x86
		{A5E54FFF-B7EE-4A07-8DD3-6EC4A6CA0E90}.Release|ARM.ActiveCfg = Release|ARM
		{A5E54FFF-B7EE-4A07-8DD3-6EC4A6CA0E90}.Release|ARM.Build.0 = Release|ARM
		{A5E54FFF-B7EE-4A07-8DD3-6EC4A6CA0E90}.Release|ARM.Deploy.0 = Release|ARM
		{A5E54FFF-B7EE-4A07-8DD3-6EC4A6CA0E90}.Release|iPhone.ActiveCfg = Release|x86
		{A5E54FFF-B7EE-4A07-8DD3-6EC4A6CA0E90}.Release|iPhone.Build.0 = Release|x86
		{A5E54FFF-B7EE-4A07-8DD3-6EC4A6CA0E90}.Release|iPhone.Deploy.0 = Release|x86
		{A5E54FFF-B7EE-4A07-8DD3-6EC4A6CA0E90}.Release|iPhoneSimulator.ActiveCfg = Release|x86
		{A5E54FFF-B7EE-4A07-8DD3-6EC4A6CA0E90}.Release|iPhoneSimulator.Build.0 = Release|x86
		{A5E54FFF-B7EE-4A07-8DD3-6EC4A6CA0E90}.Release|iPhoneSimulator.Deploy.0 = Release|x86
		{A5E54FFF-B7EE-4A07-8DD3-6EC4A6CA0E90}.Release|x64.ActiveCfg = Release|x64
		{A5E54FFF-B7EE-4A07-8DD3-6EC4A6CA0E90}.Release|x64.Build.0 = Release|x64
		{A5E54FFF-B7EE-4A07-8DD3-6EC4A6CA0E90}.Release|x64.Deploy.0 = Release|x64
		{A5E54FFF-B7EE-4A07-8DD3-6EC4A6CA0E90}.Release|x86.ActiveCfg = Release|x86
		{A5E54FFF-B7EE-4A07-8DD3-6EC4A6CA0E90}.Release|x86.Build.0 = Release|x86
		{A5E54FFF-B7EE-4A07-8DD3-6EC4A6CA0E90}.Release|x86.Deploy.0 = Release|x86
		{336B2287-6E52-4EF0-B64C-B821B8A369FD}.Debug|Any CPU.ActiveCfg = Debug|Any CPU
		{336B2287-6E52-4EF0-B64C-B821B8A369FD}.Debug|Any CPU.Build.0 = Debug|Any CPU
		{336B2287-6E52-4EF0-B64C-B821B8A369FD}.Debug|Any CPU.Deploy.0 = Debug|Any CPU
		{336B2287-6E52-4EF0-B64C-B821B8A369FD}.Debug|ARM.ActiveCfg = Debug|Any CPU
		{336B2287-6E52-4EF0-B64C-B821B8A369FD}.Debug|ARM.Build.0 = Debug|Any CPU
		{336B2287-6E52-4EF0-B64C-B821B8A369FD}.Debug|ARM.Deploy.0 = Debug|Any CPU
		{336B2287-6E52-4EF0-B64C-B821B8A369FD}.Debug|iPhone.ActiveCfg = Debug|Any CPU
		{336B2287-6E52-4EF0-B64C-B821B8A369FD}.Debug|iPhone.Build.0 = Debug|Any CPU
		{336B2287-6E52-4EF0-B64C-B821B8A369FD}.Debug|iPhone.Deploy.0 = Debug|Any CPU
		{336B2287-6E52-4EF0-B64C-B821B8A369FD}.Debug|iPhoneSimulator.ActiveCfg = Debug|Any CPU
		{336B2287-6E52-4EF0-B64C-B821B8A369FD}.Debug|iPhoneSimulator.Build.0 = Debug|Any CPU
		{336B2287-6E52-4EF0-B64C-B821B8A369FD}.Debug|iPhoneSimulator.Deploy.0 = Debug|Any CPU
		{336B2287-6E52-4EF0-B64C-B821B8A369FD}.Debug|x64.ActiveCfg = Debug|Any CPU
		{336B2287-6E52-4EF0-B64C-B821B8A369FD}.Debug|x64.Build.0 = Debug|Any CPU
		{336B2287-6E52-4EF0-B64C-B821B8A369FD}.Debug|x64.Deploy.0 = Debug|Any CPU
		{336B2287-6E52-4EF0-B64C-B821B8A369FD}.Debug|x86.ActiveCfg = Debug|Any CPU
		{336B2287-6E52-4EF0-B64C-B821B8A369FD}.Debug|x86.Build.0 = Debug|Any CPU
		{336B2287-6E52-4EF0-B64C-B821B8A369FD}.Debug|x86.Deploy.0 = Debug|Any CPU
		{336B2287-6E52-4EF0-B64C-B821B8A369FD}.Release|Any CPU.ActiveCfg = Release|Any CPU
		{336B2287-6E52-4EF0-B64C-B821B8A369FD}.Release|Any CPU.Build.0 = Release|Any CPU
		{336B2287-6E52-4EF0-B64C-B821B8A369FD}.Release|Any CPU.Deploy.0 = Release|Any CPU
		{336B2287-6E52-4EF0-B64C-B821B8A369FD}.Release|ARM.ActiveCfg = Release|Any CPU
		{336B2287-6E52-4EF0-B64C-B821B8A369FD}.Release|ARM.Build.0 = Release|Any CPU
		{336B2287-6E52-4EF0-B64C-B821B8A369FD}.Release|ARM.Deploy.0 = Release|Any CPU
		{336B2287-6E52-4EF0-B64C-B821B8A369FD}.Release|iPhone.ActiveCfg = Release|Any CPU
		{336B2287-6E52-4EF0-B64C-B821B8A369FD}.Release|iPhone.Build.0 = Release|Any CPU
		{336B2287-6E52-4EF0-B64C-B821B8A369FD}.Release|iPhone.Deploy.0 = Release|Any CPU
		{336B2287-6E52-4EF0-B64C-B821B8A369FD}.Release|iPhoneSimulator.ActiveCfg = Release|Any CPU
		{336B2287-6E52-4EF0-B64C-B821B8A369FD}.Release|iPhoneSimulator.Build.0 = Release|Any CPU
		{336B2287-6E52-4EF0-B64C-B821B8A369FD}.Release|iPhoneSimulator.Deploy.0 = Release|Any CPU
		{336B2287-6E52-4EF0-B64C-B821B8A369FD}.Release|x64.ActiveCfg = Release|Any CPU
		{336B2287-6E52-4EF0-B64C-B821B8A369FD}.Release|x64.Build.0 = Release|Any CPU
		{336B2287-6E52-4EF0-B64C-B821B8A369FD}.Release|x64.Deploy.0 = Release|Any CPU
		{336B2287-6E52-4EF0-B64C-B821B8A369FD}.Release|x86.ActiveCfg = Release|Any CPU
		{336B2287-6E52-4EF0-B64C-B821B8A369FD}.Release|x86.Build.0 = Release|Any CPU
		{336B2287-6E52-4EF0-B64C-B821B8A369FD}.Release|x86.Deploy.0 = Release|Any CPU
		{C772D132-6ADD-4C49-B7BA-B031A79533BC}.Debug|Any CPU.ActiveCfg = Debug|iPhone
		{C772D132-6ADD-4C49-B7BA-B031A79533BC}.Debug|Any CPU.Build.0 = Debug|iPhone
		{C772D132-6ADD-4C49-B7BA-B031A79533BC}.Debug|Any CPU.Deploy.0 = Debug|iPhone
		{C772D132-6ADD-4C49-B7BA-B031A79533BC}.Debug|ARM.ActiveCfg = Debug|iPhone
		{C772D132-6ADD-4C49-B7BA-B031A79533BC}.Debug|ARM.Build.0 = Debug|iPhone
		{C772D132-6ADD-4C49-B7BA-B031A79533BC}.Debug|ARM.Deploy.0 = Debug|iPhone
		{C772D132-6ADD-4C49-B7BA-B031A79533BC}.Debug|iPhone.ActiveCfg = Debug|iPhone
		{C772D132-6ADD-4C49-B7BA-B031A79533BC}.Debug|iPhone.Build.0 = Debug|iPhone
		{C772D132-6ADD-4C49-B7BA-B031A79533BC}.Debug|iPhone.Deploy.0 = Debug|iPhone
		{C772D132-6ADD-4C49-B7BA-B031A79533BC}.Debug|iPhoneSimulator.ActiveCfg = Debug|iPhoneSimulator
		{C772D132-6ADD-4C49-B7BA-B031A79533BC}.Debug|iPhoneSimulator.Build.0 = Debug|iPhoneSimulator
		{C772D132-6ADD-4C49-B7BA-B031A79533BC}.Debug|iPhoneSimulator.Deploy.0 = Debug|iPhoneSimulator
		{C772D132-6ADD-4C49-B7BA-B031A79533BC}.Debug|x64.ActiveCfg = Debug|iPhone
		{C772D132-6ADD-4C49-B7BA-B031A79533BC}.Debug|x64.Build.0 = Debug|iPhone
		{C772D132-6ADD-4C49-B7BA-B031A79533BC}.Debug|x64.Deploy.0 = Debug|iPhone
		{C772D132-6ADD-4C49-B7BA-B031A79533BC}.Debug|x86.ActiveCfg = Debug|iPhone
		{C772D132-6ADD-4C49-B7BA-B031A79533BC}.Debug|x86.Build.0 = Debug|iPhone
		{C772D132-6ADD-4C49-B7BA-B031A79533BC}.Debug|x86.Deploy.0 = Debug|iPhone
		{C772D132-6ADD-4C49-B7BA-B031A79533BC}.Release|Any CPU.ActiveCfg = Release|iPhone
		{C772D132-6ADD-4C49-B7BA-B031A79533BC}.Release|Any CPU.Build.0 = Release|iPhone
		{C772D132-6ADD-4C49-B7BA-B031A79533BC}.Release|Any CPU.Deploy.0 = Release|iPhone
		{C772D132-6ADD-4C49-B7BA-B031A79533BC}.Release|ARM.ActiveCfg = Release|iPhone
		{C772D132-6ADD-4C49-B7BA-B031A79533BC}.Release|ARM.Build.0 = Release|iPhone
		{C772D132-6ADD-4C49-B7BA-B031A79533BC}.Release|ARM.Deploy.0 = Release|iPhone
		{C772D132-6ADD-4C49-B7BA-B031A79533BC}.Release|iPhone.ActiveCfg = Release|iPhone
		{C772D132-6ADD-4C49-B7BA-B031A79533BC}.Release|iPhone.Build.0 = Release|iPhone
		{C772D132-6ADD-4C49-B7BA-B031A79533BC}.Release|iPhone.Deploy.0 = Release|iPhone
		{C772D132-6ADD-4C49-B7BA-B031A79533BC}.Release|iPhoneSimulator.ActiveCfg = Release|iPhoneSimulator
		{C772D132-6ADD-4C49-B7BA-B031A79533BC}.Release|iPhoneSimulator.Build.0 = Release|iPhoneSimulator
		{C772D132-6ADD-4C49-B7BA-B031A79533BC}.Release|iPhoneSimulator.Deploy.0 = Release|iPhoneSimulator
		{C772D132-6ADD-4C49-B7BA-B031A79533BC}.Release|x64.ActiveCfg = Release|iPhone
		{C772D132-6ADD-4C49-B7BA-B031A79533BC}.Release|x64.Build.0 = Release|iPhone
		{C772D132-6ADD-4C49-B7BA-B031A79533BC}.Release|x64.Deploy.0 = Release|iPhone
		{C772D132-6ADD-4C49-B7BA-B031A79533BC}.Release|x86.ActiveCfg = Release|iPhone
		{C772D132-6ADD-4C49-B7BA-B031A79533BC}.Release|x86.Build.0 = Release|iPhone
		{C772D132-6ADD-4C49-B7BA-B031A79533BC}.Release|x86.Deploy.0 = Release|iPhone
		{94E8CC77-D7F1-4BED-8518-20C87A565BEB}.Debug|Any CPU.ActiveCfg = Debug|Any CPU
		{94E8CC77-D7F1-4BED-8518-20C87A565BEB}.Debug|Any CPU.Build.0 = Debug|Any CPU
		{94E8CC77-D7F1-4BED-8518-20C87A565BEB}.Debug|Any CPU.Deploy.0 = Debug|Any CPU
		{94E8CC77-D7F1-4BED-8518-20C87A565BEB}.Debug|ARM.ActiveCfg = Debug|Any CPU
		{94E8CC77-D7F1-4BED-8518-20C87A565BEB}.Debug|ARM.Build.0 = Debug|Any CPU
		{94E8CC77-D7F1-4BED-8518-20C87A565BEB}.Debug|ARM.Deploy.0 = Debug|Any CPU
		{94E8CC77-D7F1-4BED-8518-20C87A565BEB}.Debug|iPhone.ActiveCfg = Debug|Any CPU
		{94E8CC77-D7F1-4BED-8518-20C87A565BEB}.Debug|iPhone.Build.0 = Debug|Any CPU
		{94E8CC77-D7F1-4BED-8518-20C87A565BEB}.Debug|iPhone.Deploy.0 = Debug|Any CPU
		{94E8CC77-D7F1-4BED-8518-20C87A565BEB}.Debug|iPhoneSimulator.ActiveCfg = Debug|Any CPU
		{94E8CC77-D7F1-4BED-8518-20C87A565BEB}.Debug|iPhoneSimulator.Build.0 = Debug|Any CPU
		{94E8CC77-D7F1-4BED-8518-20C87A565BEB}.Debug|iPhoneSimulator.Deploy.0 = Debug|Any CPU
		{94E8CC77-D7F1-4BED-8518-20C87A565BEB}.Debug|x64.ActiveCfg = Debug|Any CPU
		{94E8CC77-D7F1-4BED-8518-20C87A565BEB}.Debug|x64.Build.0 = Debug|Any CPU
		{94E8CC77-D7F1-4BED-8518-20C87A565BEB}.Debug|x64.Deploy.0 = Debug|Any CPU
		{94E8CC77-D7F1-4BED-8518-20C87A565BEB}.Debug|x86.ActiveCfg = Debug|Any CPU
		{94E8CC77-D7F1-4BED-8518-20C87A565BEB}.Debug|x86.Build.0 = Debug|Any CPU
		{94E8CC77-D7F1-4BED-8518-20C87A565BEB}.Debug|x86.Deploy.0 = Debug|Any CPU
		{94E8CC77-D7F1-4BED-8518-20C87A565BEB}.Release|Any CPU.ActiveCfg = Release|Any CPU
		{94E8CC77-D7F1-4BED-8518-20C87A565BEB}.Release|Any CPU.Build.0 = Release|Any CPU
		{94E8CC77-D7F1-4BED-8518-20C87A565BEB}.Release|Any CPU.Deploy.0 = Release|Any CPU
		{94E8CC77-D7F1-4BED-8518-20C87A565BEB}.Release|ARM.ActiveCfg = Release|Any CPU
		{94E8CC77-D7F1-4BED-8518-20C87A565BEB}.Release|ARM.Build.0 = Release|Any CPU
		{94E8CC77-D7F1-4BED-8518-20C87A565BEB}.Release|ARM.Deploy.0 = Release|Any CPU
		{94E8CC77-D7F1-4BED-8518-20C87A565BEB}.Release|iPhone.ActiveCfg = Release|Any CPU
		{94E8CC77-D7F1-4BED-8518-20C87A565BEB}.Release|iPhone.Build.0 = Release|Any CPU
		{94E8CC77-D7F1-4BED-8518-20C87A565BEB}.Release|iPhone.Deploy.0 = Release|Any CPU
		{94E8CC77-D7F1-4BED-8518-20C87A565BEB}.Release|iPhoneSimulator.ActiveCfg = Release|Any CPU
		{94E8CC77-D7F1-4BED-8518-20C87A565BEB}.Release|iPhoneSimulator.Build.0 = Release|Any CPU
		{94E8CC77-D7F1-4BED-8518-20C87A565BEB}.Release|iPhoneSimulator.Deploy.0 = Release|Any CPU
		{94E8CC77-D7F1-4BED-8518-20C87A565BEB}.Release|x64.ActiveCfg = Release|Any CPU
		{94E8CC77-D7F1-4BED-8518-20C87A565BEB}.Release|x64.Build.0 = Release|Any CPU
		{94E8CC77-D7F1-4BED-8518-20C87A565BEB}.Release|x64.Deploy.0 = Release|Any CPU
		{94E8CC77-D7F1-4BED-8518-20C87A565BEB}.Release|x86.ActiveCfg = Release|Any CPU
		{94E8CC77-D7F1-4BED-8518-20C87A565BEB}.Release|x86.Build.0 = Release|Any CPU
		{94E8CC77-D7F1-4BED-8518-20C87A565BEB}.Release|x86.Deploy.0 = Release|Any CPU
	EndGlobalSection
	GlobalSection(SolutionProperties) = preSolution
		HideSolutionNode = FALSE
	EndGlobalSection
	GlobalSection(ExtensibilityGlobals) = postSolution
		SolutionGuid = {5092D519-CC20-48A1-8778-6D73DCCC4890}
	EndGlobalSection
EndGlobal
